
Microsoft Visual Studio Solution File, Format Version 12.00
# Visual Studio Version 16
VisualStudioVersion = 16.0.30204.135
MinimumVisualStudioVersion = 10.0.40219.1
Project("{9A19103F-16F7-4668-BE54-9A1E7A4F7556}") = "WaveFunctionCollapse", "WaveFunctionCollapse.csproj", "{77E88A8A-327F-4FA8-A0D9-38A84FA774B1}"
EndProject
Global
	GlobalSection(SolutionConfigurationPlatforms) = preSolution
		Debug|Any CPU = Debug|Any CPU
		Release|Any CPU = Release|Any CPU
	EndGlobalSection
	GlobalSection(ProjectConfigurationPlatforms) = postSolution
		{77E88A8A-327F-4FA8-A0D9-38A84FA774B1}.Debug|Any CPU.ActiveCfg = Debug|Any CPU
		{77E88A8A-327F-4FA8-A0D9-38A84FA774B1}.Debug|Any CPU.Build.0 = Debug|Any CPU
		{77E88A8A-327F-4FA8-A0D9-38A84FA774B1}.Release|Any CPU.ActiveCfg = Release|Any CPU
		{77E88A8A-327F-4FA8-A0D9-38A84FA774B1}.Release|Any CPU.Build.0 = Release|Any CPU
	EndGlobalSection
	GlobalSection(SolutionProperties) = preSolution
		HideSolutionNode = FALSE
	EndGlobalSection
	GlobalSection(ExtensibilityGlobals) = postSolution
		SolutionGuid = {785C3918-A302-41BC-8953-123F86E146B5}
	EndGlobalSection
EndGlobal
